
Microsoft Visual Studio Solution File, Format Version 12.00
# Visual Studio Version 16
VisualStudioVersion = 16.0.30907.101
MinimumVisualStudioVersion = 10.0.40219.1
Project("{9A19103F-16F7-4668-BE54-9A1E7A4F7556}") = "AudioSpikeBlazorServer", "AudioSpikeBlazorServer\AudioSpikeBlazorServer.csproj", "{266A3652-9C1D-465E-B639-B2DB4485B0F8}"
EndProject
Project("{9A19103F-16F7-4668-BE54-9A1E7A4F7556}") = "WebcamComponent", "WebcamComponent\WebcamComponent.csproj", "{B506142E-E0B0-4317-8219-41EAF316AEA7}"
EndProject
Project("{9A19103F-16F7-4668-BE54-9A1E7A4F7556}") = "MicComponent", "MicComponent\MicComponent.csproj", "{CA0A7DF0-038E-4C91-A77D-9FE2B82FB648}"
EndProject
Project("{9A19103F-16F7-4668-BE54-9A1E7A4F7556}") = "AudioProcessor", "AudioProcessor\AudioProcessor.csproj", "{10CC79FF-30E0-4FD0-B2C2-69CF4C80FE43}"
EndProject
Project("{9A19103F-16F7-4668-BE54-9A1E7A4F7556}") = "Transcription", "Transcription\Transcription.csproj", "{46C91101-5F48-4906-973F-E9804D4EAE14}"
EndProject
Project("{9A19103F-16F7-4668-BE54-9A1E7A4F7556}") = "Transcription.Common", "Transcription.Common\Transcription.Common.csproj", "{612D305A-6D73-44E9-AEC3-7A78F392BD95}"
EndProject
Global
	GlobalSection(SolutionConfigurationPlatforms) = preSolution
		Debug|Any CPU = Debug|Any CPU
		Release|Any CPU = Release|Any CPU
	EndGlobalSection
	GlobalSection(ProjectConfigurationPlatforms) = postSolution
		{266A3652-9C1D-465E-B639-B2DB4485B0F8}.Debug|Any CPU.ActiveCfg = Debug|Any CPU
		{266A3652-9C1D-465E-B639-B2DB4485B0F8}.Debug|Any CPU.Build.0 = Debug|Any CPU
		{266A3652-9C1D-465E-B639-B2DB4485B0F8}.Release|Any CPU.ActiveCfg = Release|Any CPU
		{266A3652-9C1D-465E-B639-B2DB4485B0F8}.Release|Any CPU.Build.0 = Release|Any CPU
		{B506142E-E0B0-4317-8219-41EAF316AEA7}.Debug|Any CPU.ActiveCfg = Debug|Any CPU
		{B506142E-E0B0-4317-8219-41EAF316AEA7}.Debug|Any CPU.Build.0 = Debug|Any CPU
		{B506142E-E0B0-4317-8219-41EAF316AEA7}.Release|Any CPU.ActiveCfg = Release|Any CPU
		{B506142E-E0B0-4317-8219-41EAF316AEA7}.Release|Any CPU.Build.0 = Release|Any CPU
		{CA0A7DF0-038E-4C91-A77D-9FE2B82FB648}.Debug|Any CPU.ActiveCfg = Debug|Any CPU
		{CA0A7DF0-038E-4C91-A77D-9FE2B82FB648}.Debug|Any CPU.Build.0 = Debug|Any CPU
		{CA0A7DF0-038E-4C91-A77D-9FE2B82FB648}.Release|Any CPU.ActiveCfg = Release|Any CPU
		{CA0A7DF0-038E-4C91-A77D-9FE2B82FB648}.Release|Any CPU.Build.0 = Release|Any CPU
		{10CC79FF-30E0-4FD0-B2C2-69CF4C80FE43}.Debug|Any CPU.ActiveCfg = Debug|Any CPU
		{10CC79FF-30E0-4FD0-B2C2-69CF4C80FE43}.Debug|Any CPU.Build.0 = Debug|Any CPU
		{10CC79FF-30E0-4FD0-B2C2-69CF4C80FE43}.Release|Any CPU.ActiveCfg = Release|Any CPU
		{10CC79FF-30E0-4FD0-B2C2-69CF4C80FE43}.Release|Any CPU.Build.0 = Release|Any CPU
		{46C91101-5F48-4906-973F-E9804D4EAE14}.Debug|Any CPU.ActiveCfg = Debug|Any CPU
		{46C91101-5F48-4906-973F-E9804D4EAE14}.Debug|Any CPU.Build.0 = Debug|Any CPU
		{46C91101-5F48-4906-973F-E9804D4EAE14}.Release|Any CPU.ActiveCfg = Release|Any CPU
		{46C91101-5F48-4906-973F-E9804D4EAE14}.Release|Any CPU.Build.0 = Release|Any CPU
		{612D305A-6D73-44E9-AEC3-7A78F392BD95}.Debug|Any CPU.ActiveCfg = Debug|Any CPU
		{612D305A-6D73-44E9-AEC3-7A78F392BD95}.Debug|Any CPU.Build.0 = Debug|Any CPU
		{612D305A-6D73-44E9-AEC3-7A78F392BD95}.Release|Any CPU.ActiveCfg = Release|Any CPU
		{612D305A-6D73-44E9-AEC3-7A78F392BD95}.Release|Any CPU.Build.0 = Release|Any CPU
	EndGlobalSection
	GlobalSection(SolutionProperties) = preSolution
		HideSolutionNode = FALSE
	EndGlobalSection
	GlobalSection(ExtensibilityGlobals) = postSolution
		SolutionGuid = {287FD9F2-67A0-4CA6-90B1-E255CC4EBC4B}
	EndGlobalSection
EndGlobal
